
Microsoft Visual Studio Solution File, Format Version 12.00
# Visual Studio 15
VisualStudioVersion = 15.0.27703.2018
MinimumVisualStudioVersion = 10.0.40219.1
Project("{9A19103F-16F7-4668-BE54-9A1E7A4F7556}") = "Demo.API", "Demo.API\Demo.API.csproj", "{80780726-888E-4FB7-8836-24CBA5A2AC63}"
EndProject
Project("{FAE04EC0-301F-11D3-BF4B-00C04F79EFBC}") = "Demo.API.Test", "Demo.API.Test\Demo.API.Test.csproj", "{9F509FBE-8F38-45A6-85FF-55B92B4F28B9}"
	ProjectSection(ProjectDependencies) = postProject
		{80780726-888E-4FB7-8836-24CBA5A2AC63} = {80780726-888E-4FB7-8836-24CBA5A2AC63}
	EndProjectSection
EndProject
Global
	GlobalSection(SolutionConfigurationPlatforms) = preSolution
		Debug|Any CPU = Debug|Any CPU
		Release|Any CPU = Release|Any CPU
	EndGlobalSection
	GlobalSection(ProjectConfigurationPlatforms) = postSolution
		{80780726-888E-4FB7-8836-24CBA5A2AC63}.Debug|Any CPU.ActiveCfg = Debug|Any CPU
		{80780726-888E-4FB7-8836-24CBA5A2AC63}.Debug|Any CPU.Build.0 = Debug|Any CPU
		{80780726-888E-4FB7-8836-24CBA5A2AC63}.Release|Any CPU.ActiveCfg = Release|Any CPU
		{80780726-888E-4FB7-8836-24CBA5A2AC63}.Release|Any CPU.Build.0 = Release|Any CPU
		{9F509FBE-8F38-45A6-85FF-55B92B4F28B9}.Debug|Any CPU.ActiveCfg = Debug|Any CPU
		{9F509FBE-8F38-45A6-85FF-55B92B4F28B9}.Debug|Any CPU.Build.0 = Debug|Any CPU
		{9F509FBE-8F38-45A6-85FF-55B92B4F28B9}.Release|Any CPU.ActiveCfg = Release|Any CPU
		{9F509FBE-8F38-45A6-85FF-55B92B4F28B9}.Release|Any CPU.Build.0 = Release|Any CPU
	EndGlobalSection
	GlobalSection(SolutionProperties) = preSolution
		HideSolutionNode = FALSE
	EndGlobalSection
	GlobalSection(ExtensibilityGlobals) = postSolution
		SolutionGuid = {7A683644-D646-463D-B991-BB1F69AA9B66}
	EndGlobalSection
EndGlobal
